<?xml version="1.0" encoding="utf-8"?>
<Project ToolsVersion="4.0" xmlns="http://schemas.microsoft.com/developer/msbuild/2003">
  <ItemGroup>
    <Filter Include="Optimisation">
      <UniqueIdentifier>{9625cc40-8cbf-4c6f-8068-7e2284670c09}</UniqueIdentifier>
    </Filter>
    <Filter Include="Simulation">
      <UniqueIdentifier>{7c81fb7c-30d6-4e11-9523-676d3bdf31af}</UniqueIdentifier>
    </Filter>
    <Filter Include="Core">
      <UniqueIdentifier>{d8475dd2-be8e-46d3-84ca-15f2b70d6d68}</UniqueIdentifier>
    </Filter>
    <Filter Include="io">
      <UniqueIdentifier>{c2ac5ece-d4f7-4a12-ba11-ba9832d35ecd}</UniqueIdentifier>
    </Filter>
  </ItemGroup>
  <ItemGroup>
    <ClInclude Include="Optimisation\Threadsafe.h">
      <Filter>Optimisation</Filter>
    </ClInclude>
    <ClInclude Include="Optimisation\Optimiser.hpp">
      <Filter>Optimisation</Filter>
    </ClInclude>
    <ClInclude Include="Simulation\Simulate.hpp">
      <Filter>Simulation</Filter>
    </ClInclude>
    <ClInclude Include="Simulation\Hload.h">
      <Filter>Simulation</Filter>
    </ClInclude>
    <ClInclude Include="Simulation\Grid.h">
      <Filter>Simulation</Filter>
    </ClInclude>
    <ClInclude Include="Simulation\Eload.h">
      <Filter>Simulation</Filter>
    </ClInclude>
    <ClInclude Include="Simulation\Costs.h">
      <Filter>Simulation</Filter>
    </ClInclude>
    <ClInclude Include="Simulation\Config.h">
      <Filter>Simulation</Filter>
    </ClInclude>
    <ClInclude Include="Simulation\Assets.h">
      <Filter>Simulation</Filter>
    </ClInclude>
    <ClInclude Include="Definitions.h">
      <Filter>Core</Filter>
    </ClInclude>
    <ClInclude Include="io\FileConfig.h">
      <Filter>io</Filter>
    </ClInclude>
    <ClInclude Include="io\FileHandling.hpp">
      <Filter>io</Filter>
    </ClInclude>
    <ClInclude Include="Optimisation\LeagueTable.hpp">
      <Filter>Optimisation</Filter>
    </ClInclude>
    <ClInclude Include="Optimisation\TaskGenerator.hpp">
      <Filter>Optimisation</Filter>
    </ClInclude>
  </ItemGroup>
  <ItemGroup>
    <ClCompile Include="Optimisation\Optimiser.cpp">
      <Filter>Optimisation</Filter>
    </ClCompile>
    <ClCompile Include="io\FileHandling.cpp">
      <Filter>io</Filter>
    </ClCompile>
    <ClCompile Include="Simulation\Simulate.cpp">
      <Filter>Simulation</Filter>
    </ClCompile>
    <ClCompile Include="Optimisation\TaskGenerator.cpp">
      <Filter>Optimisation</Filter>
    </ClCompile>
    <ClCompile Include="Optimisation\LeagueTable.cpp">
      <Filter>Optimisation</Filter>
    </ClCompile>
  </ItemGroup>
  <ItemGroup>
    <Natvis Include="Eigen.natvis" />
    <Natvis Include="nlohmann_json.natvis" />
  </ItemGroup>
</Project>