
Microsoft Visual Studio Solution File, Format Version 12.00
# Visual Studio Version 17
VisualStudioVersion = 17.8.34330.188
MinimumVisualStudioVersion = 10.0.40219.1
Project("{8BC9CEB8-8B4A-11D0-8D11-00A0C91BC942}") = "EP", "EP\EP.vcxproj", "{A67F8DA9-DCC3-40D4-966F-76006BB020CF}"
EndProject
Project("{8BC9CEB8-8B4A-11D0-8D11-00A0C91BC942}") = "EP_main", "EP_main\EP_main.vcxproj", "{E53F1F79-5E0F-4679-A4C3-91CBCB00B9D6}"
EndProject
Project("{8BC9CEB8-8B4A-11D0-8D11-00A0C91BC942}") = "EP_Test", "EP_Test\EP_Test.vcxproj", "{47DCF0A0-D798-4B5B-BB64-1D78A92298CC}"
EndProject
Global
	GlobalSection(SolutionConfigurationPlatforms) = preSolution
		Gui-Debug|x64 = Gui-Debug|x64
		Gui-Debug|x86 = Gui-Debug|x86
		Gui-Release|x64 = Gui-Release|x64
		Gui-Release|x86 = Gui-Release|x86
		Headless-Debug|x64 = Headless-Debug|x64
		Headless-Debug|x86 = Headless-Debug|x86
		Headless-Release|x64 = Headless-Release|x64
		Headless-Release|x86 = Headless-Release|x86
		Test-Debug|x64 = Test-Debug|x64
		Test-Debug|x86 = Test-Debug|x86
		Test-Release|x64 = Test-Release|x64
		Test-Release|x86 = Test-Release|x86
	EndGlobalSection
	GlobalSection(ProjectConfigurationPlatforms) = postSolution
		{A67F8DA9-DCC3-40D4-966F-76006BB020CF}.Gui-Debug|x64.ActiveCfg = Debug|x64
		{A67F8DA9-DCC3-40D4-966F-76006BB020CF}.Gui-Debug|x64.Build.0 = Debug|x64
		{A67F8DA9-DCC3-40D4-966F-76006BB020CF}.Gui-Debug|x86.ActiveCfg = Debug|Win32
		{A67F8DA9-DCC3-40D4-966F-76006BB020CF}.Gui-Debug|x86.Build.0 = Debug|Win32
		{A67F8DA9-DCC3-40D4-966F-76006BB020CF}.Gui-Release|x64.ActiveCfg = Release|x64
		{A67F8DA9-DCC3-40D4-966F-76006BB020CF}.Gui-Release|x64.Build.0 = Release|x64
		{A67F8DA9-DCC3-40D4-966F-76006BB020CF}.Gui-Release|x86.ActiveCfg = Release|Win32
		{A67F8DA9-DCC3-40D4-966F-76006BB020CF}.Gui-Release|x86.Build.0 = Release|Win32
		{A67F8DA9-DCC3-40D4-966F-76006BB020CF}.Headless-Debug|x64.ActiveCfg = Debug|x64
		{A67F8DA9-DCC3-40D4-966F-76006BB020CF}.Headless-Debug|x64.Build.0 = Debug|x64
		{A67F8DA9-DCC3-40D4-966F-76006BB020CF}.Headless-Debug|x86.ActiveCfg = Debug|Win32
		{A67F8DA9-DCC3-40D4-966F-76006BB020CF}.Headless-Release|x64.ActiveCfg = Release|x64
		{A67F8DA9-DCC3-40D4-966F-76006BB020CF}.Headless-Release|x64.Build.0 = Release|x64
		{A67F8DA9-DCC3-40D4-966F-76006BB020CF}.Headless-Release|x86.ActiveCfg = Release|Win32
		{A67F8DA9-DCC3-40D4-966F-76006BB020CF}.Headless-Release|x86.Build.0 = Release|Win32
		{A67F8DA9-DCC3-40D4-966F-76006BB020CF}.Test-Debug|x64.ActiveCfg = Debug|x64
		{A67F8DA9-DCC3-40D4-966F-76006BB020CF}.Test-Debug|x64.Build.0 = Debug|x64
		{A67F8DA9-DCC3-40D4-966F-76006BB020CF}.Test-Debug|x86.ActiveCfg = Debug|Win32
		{A67F8DA9-DCC3-40D4-966F-76006BB020CF}.Test-Debug|x86.Build.0 = Debug|Win32
		{A67F8DA9-DCC3-40D4-966F-76006BB020CF}.Test-Release|x64.ActiveCfg = Release|x64
		{A67F8DA9-DCC3-40D4-966F-76006BB020CF}.Test-Release|x64.Build.0 = Release|x64
		{A67F8DA9-DCC3-40D4-966F-76006BB020CF}.Test-Release|x86.ActiveCfg = Release|Win32
		{A67F8DA9-DCC3-40D4-966F-76006BB020CF}.Test-Release|x86.Build.0 = Release|Win32
		{E53F1F79-5E0F-4679-A4C3-91CBCB00B9D6}.Gui-Debug|x64.ActiveCfg = Gui-Debug|x64
		{E53F1F79-5E0F-4679-A4C3-91CBCB00B9D6}.Gui-Debug|x64.Build.0 = Gui-Debug|x64
		{E53F1F79-5E0F-4679-A4C3-91CBCB00B9D6}.Gui-Debug|x86.ActiveCfg = Gui-Debug|Win32
		{E53F1F79-5E0F-4679-A4C3-91CBCB00B9D6}.Gui-Debug|x86.Build.0 = Gui-Debug|Win32
		{E53F1F79-5E0F-4679-A4C3-91CBCB00B9D6}.Gui-Release|x64.ActiveCfg = Gui-Release|x64
		{E53F1F79-5E0F-4679-A4C3-91CBCB00B9D6}.Gui-Release|x64.Build.0 = Gui-Release|x64
		{E53F1F79-5E0F-4679-A4C3-91CBCB00B9D6}.Gui-Release|x86.ActiveCfg = Gui-Release|Win32
		{E53F1F79-5E0F-4679-A4C3-91CBCB00B9D6}.Gui-Release|x86.Build.0 = Gui-Release|Win32
		{E53F1F79-5E0F-4679-A4C3-91CBCB00B9D6}.Headless-Debug|x64.ActiveCfg = Headless-Debug|x64
		{E53F1F79-5E0F-4679-A4C3-91CBCB00B9D6}.Headless-Debug|x64.Build.0 = Headless-Debug|x64
		{E53F1F79-5E0F-4679-A4C3-91CBCB00B9D6}.Headless-Debug|x86.ActiveCfg = Headless-Debug|Win32
		{E53F1F79-5E0F-4679-A4C3-91CBCB00B9D6}.Headless-Debug|x86.Build.0 = Headless-Debug|Win32
		{E53F1F79-5E0F-4679-A4C3-91CBCB00B9D6}.Headless-Release|x64.ActiveCfg = Headless-Release|x64
		{E53F1F79-5E0F-4679-A4C3-91CBCB00B9D6}.Headless-Release|x64.Build.0 = Headless-Release|x64
		{E53F1F79-5E0F-4679-A4C3-91CBCB00B9D6}.Headless-Release|x86.ActiveCfg = Headless-Release|Win32
		{E53F1F79-5E0F-4679-A4C3-91CBCB00B9D6}.Headless-Release|x86.Build.0 = Headless-Release|Win32
		{E53F1F79-5E0F-4679-A4C3-91CBCB00B9D6}.Test-Debug|x64.ActiveCfg = Headless-Debug|x64
		{E53F1F79-5E0F-4679-A4C3-91CBCB00B9D6}.Test-Debug|x86.ActiveCfg = Headless-Debug|Win32
		{E53F1F79-5E0F-4679-A4C3-91CBCB00B9D6}.Test-Debug|x86.Build.0 = Headless-Debug|Win32
		{E53F1F79-5E0F-4679-A4C3-91CBCB00B9D6}.Test-Release|x64.ActiveCfg = Headless-Release|x64
		{E53F1F79-5E0F-4679-A4C3-91CBCB00B9D6}.Test-Release|x86.ActiveCfg = Headless-Release|Win32
		{E53F1F79-5E0F-4679-A4C3-91CBCB00B9D6}.Test-Release|x86.Build.0 = Headless-Release|Win32
		{47DCF0A0-D798-4B5B-BB64-1D78A92298CC}.Gui-Debug|x64.ActiveCfg = Debug|x64
		{47DCF0A0-D798-4B5B-BB64-1D78A92298CC}.Gui-Debug|x64.Build.0 = Debug|x64
		{47DCF0A0-D798-4B5B-BB64-1D78A92298CC}.Gui-Debug|x86.ActiveCfg = Debug|Win32
		{47DCF0A0-D798-4B5B-BB64-1D78A92298CC}.Gui-Debug|x86.Build.0 = Debug|Win32
		{47DCF0A0-D798-4B5B-BB64-1D78A92298CC}.Gui-Release|x64.ActiveCfg = Release|x64
		{47DCF0A0-D798-4B5B-BB64-1D78A92298CC}.Gui-Release|x64.Build.0 = Release|x64
		{47DCF0A0-D798-4B5B-BB64-1D78A92298CC}.Gui-Release|x86.ActiveCfg = Release|Win32
		{47DCF0A0-D798-4B5B-BB64-1D78A92298CC}.Gui-Release|x86.Build.0 = Release|Win32
		{47DCF0A0-D798-4B5B-BB64-1D78A92298CC}.Headless-Debug|x64.ActiveCfg = Debug|x64
		{47DCF0A0-D798-4B5B-BB64-1D78A92298CC}.Headless-Debug|x64.Build.0 = Debug|x64
		{47DCF0A0-D798-4B5B-BB64-1D78A92298CC}.Headless-Debug|x86.ActiveCfg = Debug|Win32
		{47DCF0A0-D798-4B5B-BB64-1D78A92298CC}.Headless-Debug|x86.Build.0 = Debug|Win32
		{47DCF0A0-D798-4B5B-BB64-1D78A92298CC}.Headless-Release|x64.ActiveCfg = Release|x64
		{47DCF0A0-D798-4B5B-BB64-1D78A92298CC}.Headless-Release|x64.Build.0 = Release|x64
		{47DCF0A0-D798-4B5B-BB64-1D78A92298CC}.Headless-Release|x86.ActiveCfg = Release|Win32
		{47DCF0A0-D798-4B5B-BB64-1D78A92298CC}.Headless-Release|x86.Build.0 = Release|Win32
		{47DCF0A0-D798-4B5B-BB64-1D78A92298CC}.Test-Debug|x64.ActiveCfg = Debug|x64
		{47DCF0A0-D798-4B5B-BB64-1D78A92298CC}.Test-Debug|x64.Build.0 = Debug|x64
		{47DCF0A0-D798-4B5B-BB64-1D78A92298CC}.Test-Debug|x86.ActiveCfg = Debug|Win32
		{47DCF0A0-D798-4B5B-BB64-1D78A92298CC}.Test-Debug|x86.Build.0 = Debug|Win32
		{47DCF0A0-D798-4B5B-BB64-1D78A92298CC}.Test-Release|x64.ActiveCfg = Release|x64
		{47DCF0A0-D798-4B5B-BB64-1D78A92298CC}.Test-Release|x64.Build.0 = Release|x64
		{47DCF0A0-D798-4B5B-BB64-1D78A92298CC}.Test-Release|x86.ActiveCfg = Release|Win32
		{47DCF0A0-D798-4B5B-BB64-1D78A92298CC}.Test-Release|x86.Build.0 = Release|Win32
	EndGlobalSection
	GlobalSection(SolutionProperties) = preSolution
		HideSolutionNode = FALSE
	EndGlobalSection
	GlobalSection(ExtensibilityGlobals) = postSolution
		SolutionGuid = {720C1CF4-88CC-4A89-A19D-C49117FBF3A5}
	EndGlobalSection
EndGlobal
